
Microsoft Visual Studio Solution File, Format Version 12.00
# Visual Studio 2012
Project("{FAE04EC0-301F-11D3-BF4B-00C04F79EFBC}") = "ToDoListApp", "ToDoListApp\ToDoListApp.csproj", "{ED53F05D-65FF-426E-97E0-3AB2510E7BC0}"
EndProject
Project("{CC5FD16D-436D-48AD-A40C-5A424C6E3E79}") = "ToDoListApp.Azure", "ToDoListApp.Azure\ToDoListApp.Azure.ccproj", "{57153B42-4E43-4F8B-A3C6-7F7A76447F9E}"
EndProject
Global
	GlobalSection(SolutionConfigurationPlatforms) = preSolution
		Debug|Any CPU = Debug|Any CPU
		Release|Any CPU = Release|Any CPU
	EndGlobalSection
	GlobalSection(ProjectConfigurationPlatforms) = postSolution
		{ED53F05D-65FF-426E-97E0-3AB2510E7BC0}.Debug|Any CPU.ActiveCfg = Debug|Any CPU
		{ED53F05D-65FF-426E-97E0-3AB2510E7BC0}.Debug|Any CPU.Build.0 = Debug|Any CPU
		{ED53F05D-65FF-426E-97E0-3AB2510E7BC0}.Release|Any CPU.ActiveCfg = Release|Any CPU
		{ED53F05D-65FF-426E-97E0-3AB2510E7BC0}.Release|Any CPU.Build.0 = Release|Any CPU
		{57153B42-4E43-4F8B-A3C6-7F7A76447F9E}.Debug|Any CPU.ActiveCfg = Debug|Any CPU
		{57153B42-4E43-4F8B-A3C6-7F7A76447F9E}.Debug|Any CPU.Build.0 = Debug|Any CPU
		{57153B42-4E43-4F8B-A3C6-7F7A76447F9E}.Release|Any CPU.ActiveCfg = Release|Any CPU
		{57153B42-4E43-4F8B-A3C6-7F7A76447F9E}.Release|Any CPU.Build.0 = Release|Any CPU
	EndGlobalSection
	GlobalSection(SolutionProperties) = preSolution
		HideSolutionNode = FALSE
	EndGlobalSection
EndGlobal
